// !$*UTF8*$!
{
	archiveVersion = 1;
	classes = {
	};
	objectVersion = 51;
	objects = {

/* Begin PBXBuildFile section */
		5B16D4415521C9B3CDA0A325 /* Pods_Messenger.framework in Frameworks */ = {isa = PBXBuildFile; fileRef = C9CCC05EA10D99E6C61128E9 /* Pods_Messenger.framework */; };
		EE3FAA942496A10F003B32CE /* ChatViewController.swift in Sources */ = {isa = PBXBuildFile; fileRef = EE3FAA932496A10F003B32CE /* ChatViewController.swift */; };
		EE93A5872497D3B100D1FADD /* StorageManager.swift in Sources */ = {isa = PBXBuildFile; fileRef = EE93A5862497D3B100D1FADD /* StorageManager.swift */; };
		EED17B2D248FF1740022C7AB /* AppDelegate.swift in Sources */ = {isa = PBXBuildFile; fileRef = EED17B2C248FF1740022C7AB /* AppDelegate.swift */; };
		EED17B2F248FF1740022C7AB /* SceneDelegate.swift in Sources */ = {isa = PBXBuildFile; fileRef = EED17B2E248FF1740022C7AB /* SceneDelegate.swift */; };
		EED17B31248FF1740022C7AB /* ConversationsViewController.swift in Sources */ = {isa = PBXBuildFile; fileRef = EED17B30248FF1740022C7AB /* ConversationsViewController.swift */; };
		EED17B34248FF1740022C7AB /* Main.storyboard in Resources */ = {isa = PBXBuildFile; fileRef = EED17B32248FF1740022C7AB /* Main.storyboard */; };
		EED17B36248FF1790022C7AB /* Assets.xcassets in Resources */ = {isa = PBXBuildFile; fileRef = EED17B35248FF1790022C7AB /* Assets.xcassets */; };
		EED17B39248FF1790022C7AB /* LaunchScreen.storyboard in Resources */ = {isa = PBXBuildFile; fileRef = EED17B37248FF1790022C7AB /* LaunchScreen.storyboard */; };
		EED17B47248FFBDC0022C7AB /* LoginViewController.swift in Sources */ = {isa = PBXBuildFile; fileRef = EED17B46248FFBDC0022C7AB /* LoginViewController.swift */; };
		EED17B49248FFBEF0022C7AB /* RegisterViewController.swift in Sources */ = {isa = PBXBuildFile; fileRef = EED17B48248FFBEF0022C7AB /* RegisterViewController.swift */; };
		EED17B4B248FFC0E0022C7AB /* PhotoViewerViewController.swift in Sources */ = {isa = PBXBuildFile; fileRef = EED17B4A248FFC0E0022C7AB /* PhotoViewerViewController.swift */; };
		EED17B4D248FFC1F0022C7AB /* VideoPlayerViewController.swift in Sources */ = {isa = PBXBuildFile; fileRef = EED17B4C248FFC1F0022C7AB /* VideoPlayerViewController.swift */; };
		EED17B4F248FFC470022C7AB /* NewConversationViewController.swift in Sources */ = {isa = PBXBuildFile; fileRef = EED17B4E248FFC470022C7AB /* NewConversationViewController.swift */; };
		EED17B51248FFC5C0022C7AB /* ProfileViewController.swift in Sources */ = {isa = PBXBuildFile; fileRef = EED17B50248FFC5C0022C7AB /* ProfileViewController.swift */; };
		EED17B54249002C90022C7AB /* Extensions.swift in Sources */ = {isa = PBXBuildFile; fileRef = EED17B53249002C90022C7AB /* Extensions.swift */; };
		EED17B5624915B320022C7AB /* GoogleService-Info.plist in Resources */ = {isa = PBXBuildFile; fileRef = EED17B5524915B320022C7AB /* GoogleService-Info.plist */; };
		EED17B58249285140022C7AB /* DatabaseManager.swift in Sources */ = {isa = PBXBuildFile; fileRef = EED17B57249285140022C7AB /* DatabaseManager.swift */; };
/* End PBXBuildFile section */

/* Begin PBXFileReference section */
		00D8D0EC82EB884FB63B7814 /* Pods-Messenger.debug.xcconfig */ = {isa = PBXFileReference; includeInIndex = 1; lastKnownFileType = text.xcconfig; name = "Pods-Messenger.debug.xcconfig"; path = "Target Support Files/Pods-Messenger/Pods-Messenger.debug.xcconfig"; sourceTree = "<group>"; };
		743604D79A7081CF6AAB484A /* Pods-Messenger.release.xcconfig */ = {isa = PBXFileReference; includeInIndex = 1; lastKnownFileType = text.xcconfig; name = "Pods-Messenger.release.xcconfig"; path = "Target Support Files/Pods-Messenger/Pods-Messenger.release.xcconfig"; sourceTree = "<group>"; };
		C9CCC05EA10D99E6C61128E9 /* Pods_Messenger.framework */ = {isa = PBXFileReference; explicitFileType = wrapper.framework; includeInIndex = 0; path = Pods_Messenger.framework; sourceTree = BUILT_PRODUCTS_DIR; };
		EE3FAA932496A10F003B32CE /* ChatViewController.swift */ = {isa = PBXFileReference; lastKnownFileType = sourcecode.swift; path = ChatViewController.swift; sourceTree = "<group>"; };
		EE93A5862497D3B100D1FADD /* StorageManager.swift */ = {isa = PBXFileReference; lastKnownFileType = sourcecode.swift; path = StorageManager.swift; sourceTree = "<group>"; };
		EED17B29248FF1740022C7AB /* Messenger.app */ = {isa = PBXFileReference; explicitFileType = wrapper.application; includeInIndex = 0; path = Messenger.app; sourceTree = BUILT_PRODUCTS_DIR; };
		EED17B2C248FF1740022C7AB /* AppDelegate.swift */ = {isa = PBXFileReference; lastKnownFileType = sourcecode.swift; path = AppDelegate.swift; sourceTree = "<group>"; };
		EED17B2E248FF1740022C7AB /* SceneDelegate.swift */ = {isa = PBXFileReference; lastKnownFileType = sourcecode.swift; path = SceneDelegate.swift; sourceTree = "<group>"; };
		EED17B30248FF1740022C7AB /* ConversationsViewController.swift */ = {isa = PBXFileReference; lastKnownFileType = sourcecode.swift; path = ConversationsViewController.swift; sourceTree = "<group>"; };
		EED17B33248FF1740022C7AB /* Base */ = {isa = PBXFileReference; lastKnownFileType = file.storyboard; name = Base; path = Base.lproj/Main.storyboard; sourceTree = "<group>"; };
		EED17B35248FF1790022C7AB /* Assets.xcassets */ = {isa = PBXFileReference; lastKnownFileType = folder.assetcatalog; path = Assets.xcassets; sourceTree = "<group>"; };
		EED17B38248FF1790022C7AB /* Base */ = {isa = PBXFileReference; lastKnownFileType = file.storyboard; name = Base; path = Base.lproj/LaunchScreen.storyboard; sourceTree = "<group>"; };
		EED17B3A248FF1790022C7AB /* Info.plist */ = {isa = PBXFileReference; lastKnownFileType = text.plist.xml; path = Info.plist; sourceTree = "<group>"; };
		EED17B46248FFBDC0022C7AB /* LoginViewController.swift */ = {isa = PBXFileReference; lastKnownFileType = sourcecode.swift; path = LoginViewController.swift; sourceTree = "<group>"; };
		EED17B48248FFBEF0022C7AB /* RegisterViewController.swift */ = {isa = PBXFileReference; lastKnownFileType = sourcecode.swift; path = RegisterViewController.swift; sourceTree = "<group>"; };
		EED17B4A248FFC0E0022C7AB /* PhotoViewerViewController.swift */ = {isa = PBXFileReference; lastKnownFileType = sourcecode.swift; path = PhotoViewerViewController.swift; sourceTree = "<group>"; };
		EED17B4C248FFC1F0022C7AB /* VideoPlayerViewController.swift */ = {isa = PBXFileReference; lastKnownFileType = sourcecode.swift; path = VideoPlayerViewController.swift; sourceTree = "<group>"; };
		EED17B4E248FFC470022C7AB /* NewConversationViewController.swift */ = {isa = PBXFileReference; lastKnownFileType = sourcecode.swift; path = NewConversationViewController.swift; sourceTree = "<group>"; };
		EED17B50248FFC5C0022C7AB /* ProfileViewController.swift */ = {isa = PBXFileReference; lastKnownFileType = sourcecode.swift; path = ProfileViewController.swift; sourceTree = "<group>"; };
		EED17B53249002C90022C7AB /* Extensions.swift */ = {isa = PBXFileReference; lastKnownFileType = sourcecode.swift; path = Extensions.swift; sourceTree = "<group>"; };
		EED17B5524915B320022C7AB /* GoogleService-Info.plist */ = {isa = PBXFileReference; fileEncoding = 4; lastKnownFileType = text.plist.xml; name = "GoogleService-Info.plist"; path = "../../../Downloads/GoogleService-Info.plist"; sourceTree = "<group>"; };
		EED17B57249285140022C7AB /* DatabaseManager.swift */ = {isa = PBXFileReference; lastKnownFileType = sourcecode.swift; path = DatabaseManager.swift; sourceTree = "<group>"; };
/* End PBXFileReference section */

/* Begin PBXFrameworksBuildPhase section */
		EED17B26248FF1740022C7AB /* Frameworks */ = {
			isa = PBXFrameworksBuildPhase;
			buildActionMask = 2147483647;
			files = (
				5B16D4415521C9B3CDA0A325 /* Pods_Messenger.framework in Frameworks */,
			);
			runOnlyForDeploymentPostprocessing = 0;
		};
/* End PBXFrameworksBuildPhase section */

/* Begin PBXGroup section */
		95A20872D5D154930180B57C /* Frameworks */ = {
			isa = PBXGroup;
			children = (
				C9CCC05EA10D99E6C61128E9 /* Pods_Messenger.framework */,
			);
			name = Frameworks;
			sourceTree = "<group>";
		};
		DC9FC36F1A168BF653E23390 /* Pods */ = {
			isa = PBXGroup;
			children = (
				00D8D0EC82EB884FB63B7814 /* Pods-Messenger.debug.xcconfig */,
				743604D79A7081CF6AAB484A /* Pods-Messenger.release.xcconfig */,
			);
			path = Pods;
			sourceTree = "<group>";
		};
		EED17B20248FF1740022C7AB = {
			isa = PBXGroup;
			children = (
				EED17B2B248FF1740022C7AB /* Messenger */,
				EED17B2A248FF1740022C7AB /* Products */,
				DC9FC36F1A168BF653E23390 /* Pods */,
				95A20872D5D154930180B57C /* Frameworks */,
			);
			sourceTree = "<group>";
		};
		EED17B2A248FF1740022C7AB /* Products */ = {
			isa = PBXGroup;
			children = (
				EED17B29248FF1740022C7AB /* Messenger.app */,
			);
			name = Products;
			sourceTree = "<group>";
		};
		EED17B2B248FF1740022C7AB /* Messenger */ = {
			isa = PBXGroup;
			children = (
				EED17B5524915B320022C7AB /* GoogleService-Info.plist */,
				EED17B44248FFACC0022C7AB /* Resources */,
				EED17B43248FFAC20022C7AB /* ViewModels */,
				EED17B42248FFAB50022C7AB /* Models */,
				EED17B41248FFAAB0022C7AB /* Views */,
				EED17B40248FFA9D0022C7AB /* Controllers */,
				EED17B3A248FF1790022C7AB /* Info.plist */,
			);
			path = Messenger;
			sourceTree = "<group>";
		};
		EED17B40248FFA9D0022C7AB /* Controllers */ = {
			isa = PBXGroup;
			children = (
				EED17B30248FF1740022C7AB /* ConversationsViewController.swift */,
				EED17B52248FFE460022C7AB /* Login */,
				EED17B4A248FFC0E0022C7AB /* PhotoViewerViewController.swift */,
				EED17B4C248FFC1F0022C7AB /* VideoPlayerViewController.swift */,
				EED17B4E248FFC470022C7AB /* NewConversationViewController.swift */,
				EED17B50248FFC5C0022C7AB /* ProfileViewController.swift */,
				EE3FAA932496A10F003B32CE /* ChatViewController.swift */,
			);
			path = Controllers;
			sourceTree = "<group>";
		};
		EED17B41248FFAAB0022C7AB /* Views */ = {
			isa = PBXGroup;
			children = (
				EED17B45248FFAFC0022C7AB /* Storyboards */,
				EED17B35248FF1790022C7AB /* Assets.xcassets */,
			);
			path = Views;
			sourceTree = "<group>";
		};
		EED17B42248FFAB50022C7AB /* Models */ = {
			isa = PBXGroup;
			children = (
			);
			path = Models;
			sourceTree = "<group>";
		};
		EED17B43248FFAC20022C7AB /* ViewModels */ = {
			isa = PBXGroup;
			children = (
			);
			path = ViewModels;
			sourceTree = "<group>";
		};
		EED17B44248FFACC0022C7AB /* Resources */ = {
			isa = PBXGroup;
			children = (
				EED17B2C248FF1740022C7AB /* AppDelegate.swift */,
				EED17B2E248FF1740022C7AB /* SceneDelegate.swift */,
				EED17B53249002C90022C7AB /* Extensions.swift */,
				EED17B57249285140022C7AB /* DatabaseManager.swift */,
				EE93A5862497D3B100D1FADD /* StorageManager.swift */,
			);
			path = Resources;
			sourceTree = "<group>";
		};
		EED17B45248FFAFC0022C7AB /* Storyboards */ = {
			isa = PBXGroup;
			children = (
				EED17B37248FF1790022C7AB /* LaunchScreen.storyboard */,
				EED17B32248FF1740022C7AB /* Main.storyboard */,
			);
			path = Storyboards;
			sourceTree = "<group>";
		};
		EED17B52248FFE460022C7AB /* Login */ = {
			isa = PBXGroup;
			children = (
				EED17B46248FFBDC0022C7AB /* LoginViewController.swift */,
				EED17B48248FFBEF0022C7AB /* RegisterViewController.swift */,
			);
			path = Login;
			sourceTree = "<group>";
		};
/* End PBXGroup section */

/* Begin PBXNativeTarget section */
		EED17B28248FF1740022C7AB /* Messenger */ = {
			isa = PBXNativeTarget;
			buildConfigurationList = EED17B3D248FF1790022C7AB /* Build configuration list for PBXNativeTarget "Messenger" */;
			buildPhases = (
				3D957801A9F82CC4F38CE82A /* [CP] Check Pods Manifest.lock */,
				EED17B25248FF1740022C7AB /* Sources */,
				EED17B26248FF1740022C7AB /* Frameworks */,
				EED17B27248FF1740022C7AB /* Resources */,
				54A8B3DEBB4312AE4819192E /* [CP] Embed Pods Frameworks */,
				F7403191DDF7D54ECF6CAC1F /* [CP] Copy Pods Resources */,
			);
			buildRules = (
			);
			dependencies = (
			);
			name = Messenger;
			productName = Messenger;
			productReference = EED17B29248FF1740022C7AB /* Messenger.app */;
			productType = "com.apple.product-type.application";
		};
/* End PBXNativeTarget section */

/* Begin PBXProject section */
		EED17B21248FF1740022C7AB /* Project object */ = {
			isa = PBXProject;
			attributes = {
				LastSwiftUpdateCheck = 1150;
				LastUpgradeCheck = 1150;
				ORGANIZATIONNAME = "Apurva Deshmukh";
				TargetAttributes = {
					EED17B28248FF1740022C7AB = {
						CreatedOnToolsVersion = 11.5;
					};
				};
			};
			buildConfigurationList = EED17B24248FF1740022C7AB /* Build configuration list for PBXProject "Messenger" */;
			compatibilityVersion = "Xcode 9.3";
			developmentRegion = en;
			hasScannedForEncodings = 0;
			knownRegions = (
				en,
				Base,
			);
			mainGroup = EED17B20248FF1740022C7AB;
			productRefGroup = EED17B2A248FF1740022C7AB /* Products */;
			projectDirPath = "";
			projectRoot = "";
			targets = (
				EED17B28248FF1740022C7AB /* Messenger */,
			);
		};
/* End PBXProject section */

/* Begin PBXResourcesBuildPhase section */
		EED17B27248FF1740022C7AB /* Resources */ = {
			isa = PBXResourcesBuildPhase;
			buildActionMask = 2147483647;
			files = (
				EED17B39248FF1790022C7AB /* LaunchScreen.storyboard in Resources */,
				EED17B5624915B320022C7AB /* GoogleService-Info.plist in Resources */,
				EED17B36248FF1790022C7AB /* Assets.xcassets in Resources */,
				EED17B34248FF1740022C7AB /* Main.storyboard in Resources */,
			);
			runOnlyForDeploymentPostprocessing = 0;
		};
/* End PBXResourcesBuildPhase section */

/* Begin PBXShellScriptBuildPhase section */
		3D957801A9F82CC4F38CE82A /* [CP] Check Pods Manifest.lock */ = {
			isa = PBXShellScriptBuildPhase;
			buildActionMask = 2147483647;
			files = (
			);
			inputFileListPaths = (
			);
			inputPaths = (
				"${PODS_PODFILE_DIR_PATH}/Podfile.lock",
				"${PODS_ROOT}/Manifest.lock",
			);
			name = "[CP] Check Pods Manifest.lock";
			outputFileListPaths = (
			);
			outputPaths = (
				"$(DERIVED_FILE_DIR)/Pods-Messenger-checkManifestLockResult.txt",
			);
			runOnlyForDeploymentPostprocessing = 0;
			shellPath = /bin/sh;
			shellScript = "diff \"${PODS_PODFILE_DIR_PATH}/Podfile.lock\" \"${PODS_ROOT}/Manifest.lock\" > /dev/null\nif [ $? != 0 ] ; then\n    # print error to STDERR\n    echo \"error: The sandbox is not in sync with the Podfile.lock. Run 'pod install' or update your CocoaPods installation.\" >&2\n    exit 1\nfi\n# This output is used by Xcode 'outputs' to avoid re-running this script phase.\necho \"SUCCESS\" > \"${SCRIPT_OUTPUT_FILE_0}\"\n";
			showEnvVarsInLog = 0;
		};
		54A8B3DEBB4312AE4819192E /* [CP] Embed Pods Frameworks */ = {
			isa = PBXShellScriptBuildPhase;
			buildActionMask = 2147483647;
			files = (
			);
			inputFileListPaths = (
				"${PODS_ROOT}/Target Support Files/Pods-Messenger/Pods-Messenger-frameworks-${CONFIGURATION}-input-files.xcfilelist",
			);
			name = "[CP] Embed Pods Frameworks";
			outputFileListPaths = (
				"${PODS_ROOT}/Target Support Files/Pods-Messenger/Pods-Messenger-frameworks-${CONFIGURATION}-output-files.xcfilelist",
			);
			runOnlyForDeploymentPostprocessing = 0;
			shellPath = /bin/sh;
			shellScript = "\"${PODS_ROOT}/Target Support Files/Pods-Messenger/Pods-Messenger-frameworks.sh\"\n";
			showEnvVarsInLog = 0;
		};
		F7403191DDF7D54ECF6CAC1F /* [CP] Copy Pods Resources */ = {
			isa = PBXShellScriptBuildPhase;
			buildActionMask = 2147483647;
			files = (
			);
			inputFileListPaths = (
				"${PODS_ROOT}/Target Support Files/Pods-Messenger/Pods-Messenger-resources-${CONFIGURATION}-input-files.xcfilelist",
			);
			name = "[CP] Copy Pods Resources";
			outputFileListPaths = (
				"${PODS_ROOT}/Target Support Files/Pods-Messenger/Pods-Messenger-resources-${CONFIGURATION}-output-files.xcfilelist",
			);
			runOnlyForDeploymentPostprocessing = 0;
			shellPath = /bin/sh;
			shellScript = "\"${PODS_ROOT}/Target Support Files/Pods-Messenger/Pods-Messenger-resources.sh\"\n";
			showEnvVarsInLog = 0;
		};
/* End PBXShellScriptBuildPhase section */

/* Begin PBXSourcesBuildPhase section */
		EED17B25248FF1740022C7AB /* Sources */ = {
			isa = PBXSourcesBuildPhase;
			buildActionMask = 2147483647;
			files = (
				EED17B47248FFBDC0022C7AB /* LoginViewController.swift in Sources */,
				EED17B58249285140022C7AB /* DatabaseManager.swift in Sources */,
				EED17B49248FFBEF0022C7AB /* RegisterViewController.swift in Sources */,
				EED17B4F248FFC470022C7AB /* NewConversationViewController.swift in Sources */,
				EED17B31248FF1740022C7AB /* ConversationsViewController.swift in Sources */,
				EED17B4D248FFC1F0022C7AB /* VideoPlayerViewController.swift in Sources */,
				EED17B54249002C90022C7AB /* Extensions.swift in Sources */,
				EED17B2D248FF1740022C7AB /* AppDelegate.swift in Sources */,
				EED17B51248FFC5C0022C7AB /* ProfileViewController.swift in Sources */,
				EED17B2F248FF1740022C7AB /* SceneDelegate.swift in Sources */,
				EE3FAA942496A10F003B32CE /* ChatViewController.swift in Sources */,
				EED17B4B248FFC0E0022C7AB /* PhotoViewerViewController.swift in Sources */,
				EE93A5872497D3B100D1FADD /* StorageManager.swift in Sources */,
			);
			runOnlyForDeploymentPostprocessing = 0;
		};
/* End PBXSourcesBuildPhase section */

/* Begin PBXVariantGroup section */
		EED17B32248FF1740022C7AB /* Main.storyboard */ = {
			isa = PBXVariantGroup;
			children = (
				EED17B33248FF1740022C7AB /* Base */,
			);
			name = Main.storyboard;
			sourceTree = "<group>";
		};
		EED17B37248FF1790022C7AB /* LaunchScreen.storyboard */ = {
			isa = PBXVariantGroup;
			children = (
				EED17B38248FF1790022C7AB /* Base */,
			);
			name = LaunchScreen.storyboard;
			sourceTree = "<group>";
		};
/* End PBXVariantGroup section */

/* Begin XCBuildConfiguration section */
		EED17B3B248FF1790022C7AB /* Debug */ = {
			isa = XCBuildConfiguration;
			buildSettings = {
				ALWAYS_SEARCH_USER_PATHS = NO;
				CLANG_ANALYZER_NONNULL = YES;
				CLANG_ANALYZER_NUMBER_OBJECT_CONVERSION = YES_AGGRESSIVE;
				CLANG_CXX_LANGUAGE_STANDARD = "gnu++14";
				CLANG_CXX_LIBRARY = "libc++";
				CLANG_ENABLE_MODULES = YES;
				CLANG_ENABLE_OBJC_ARC = YES;
				CLANG_ENABLE_OBJC_WEAK = YES;
				CLANG_WARN_BLOCK_CAPTURE_AUTORELEASING = YES;
				CLANG_WARN_BOOL_CONVERSION = YES;
				CLANG_WARN_COMMA = YES;
				CLANG_WARN_CONSTANT_CONVERSION = YES;
				CLANG_WARN_DEPRECATED_OBJC_IMPLEMENTATIONS = YES;
				CLANG_WARN_DIRECT_OBJC_ISA_USAGE = YES_ERROR;
				CLANG_WARN_DOCUMENTATION_COMMENTS = YES;
				CLANG_WARN_EMPTY_BODY = YES;
				CLANG_WARN_ENUM_CONVERSION = YES;
				CLANG_WARN_INFINITE_RECURSION = YES;
				CLANG_WARN_INT_CONVERSION = YES;
				CLANG_WARN_NON_LITERAL_NULL_CONVERSION = YES;
				CLANG_WARN_OBJC_IMPLICIT_RETAIN_SELF = YES;
				CLANG_WARN_OBJC_LITERAL_CONVERSION = YES;
				CLANG_WARN_OBJC_ROOT_CLASS = YES_ERROR;
				CLANG_WARN_RANGE_LOOP_ANALYSIS = YES;
				CLANG_WARN_STRICT_PROTOTYPES = YES;
				CLANG_WARN_SUSPICIOUS_MOVE = YES;
				CLANG_WARN_UNGUARDED_AVAILABILITY = YES_AGGRESSIVE;
				CLANG_WARN_UNREACHABLE_CODE = YES;
				CLANG_WARN__DUPLICATE_METHOD_MATCH = YES;
				COPY_PHASE_STRIP = NO;
				DEBUG_INFORMATION_FORMAT = dwarf;
				ENABLE_STRICT_OBJC_MSGSEND = YES;
				ENABLE_TESTABILITY = YES;
				GCC_C_LANGUAGE_STANDARD = gnu11;
				GCC_DYNAMIC_NO_PIC = NO;
				GCC_NO_COMMON_BLOCKS = YES;
				GCC_OPTIMIZATION_LEVEL = 0;
				GCC_PREPROCESSOR_DEFINITIONS = (
					"DEBUG=1",
					"$(inherited)",
				);
				GCC_WARN_64_TO_32_BIT_CONVERSION = YES;
				GCC_WARN_ABOUT_RETURN_TYPE = YES_ERROR;
				GCC_WARN_UNDECLARED_SELECTOR = YES;
				GCC_WARN_UNINITIALIZED_AUTOS = YES_AGGRESSIVE;
				GCC_WARN_UNUSED_FUNCTION = YES;
				GCC_WARN_UNUSED_VARIABLE = YES;
				IPHONEOS_DEPLOYMENT_TARGET = 13.5;
				MTL_ENABLE_DEBUG_INFO = INCLUDE_SOURCE;
				MTL_FAST_MATH = YES;
				ONLY_ACTIVE_ARCH = YES;
				SDKROOT = iphoneos;
				SWIFT_ACTIVE_COMPILATION_CONDITIONS = DEBUG;
				SWIFT_OPTIMIZATION_LEVEL = "-Onone";
			};
			name = Debug;
		};
		EED17B3C248FF1790022C7AB /* Release */ = {
			isa = XCBuildConfiguration;
			buildSettings = {
				ALWAYS_SEARCH_USER_PATHS = NO;
				CLANG_ANALYZER_NONNULL = YES;
				CLANG_ANALYZER_NUMBER_OBJECT_CONVERSION = YES_AGGRESSIVE;
				CLANG_CXX_LANGUAGE_STANDARD = "gnu++14";
				CLANG_CXX_LIBRARY = "libc++";
				CLANG_ENABLE_MODULES = YES;
				CLANG_ENABLE_OBJC_ARC = YES;
				CLANG_ENABLE_OBJC_WEAK = YES;
				CLANG_WARN_BLOCK_CAPTURE_AUTORELEASING = YES;
				CLANG_WARN_BOOL_CONVERSION = YES;
				CLANG_WARN_COMMA = YES;
				CLANG_WARN_CONSTANT_CONVERSION = YES;
				CLANG_WARN_DEPRECATED_OBJC_IMPLEMENTATIONS = YES;
				CLANG_WARN_DIRECT_OBJC_ISA_USAGE = YES_ERROR;
				CLANG_WARN_DOCUMENTATION_COMMENTS = YES;
				CLANG_WARN_EMPTY_BODY = YES;
				CLANG_WARN_ENUM_CONVERSION = YES;
				CLANG_WARN_INFINITE_RECURSION = YES;
				CLANG_WARN_INT_CONVERSION = YES;
				CLANG_WARN_NON_LITERAL_NULL_CONVERSION = YES;
				CLANG_WARN_OBJC_IMPLICIT_RETAIN_SELF = YES;
				CLANG_WARN_OBJC_LITERAL_CONVERSION = YES;
				CLANG_WARN_OBJC_ROOT_CLASS = YES_ERROR;
				CLANG_WARN_RANGE_LOOP_ANALYSIS = YES;
				CLANG_WARN_STRICT_PROTOTYPES = YES;
				CLANG_WARN_SUSPICIOUS_MOVE = YES;
				CLANG_WARN_UNGUARDED_AVAILABILITY = YES_AGGRESSIVE;
				CLANG_WARN_UNREACHABLE_CODE = YES;
				CLANG_WARN__DUPLICATE_METHOD_MATCH = YES;
				COPY_PHASE_STRIP = NO;
				DEBUG_INFORMATION_FORMAT = "dwarf-with-dsym";
				ENABLE_NS_ASSERTIONS = NO;
				ENABLE_STRICT_OBJC_MSGSEND = YES;
				GCC_C_LANGUAGE_STANDARD = gnu11;
				GCC_NO_COMMON_BLOCKS = YES;
				GCC_WARN_64_TO_32_BIT_CONVERSION = YES;
				GCC_WARN_ABOUT_RETURN_TYPE = YES_ERROR;
				GCC_WARN_UNDECLARED_SELECTOR = YES;
				GCC_WARN_UNINITIALIZED_AUTOS = YES_AGGRESSIVE;
				GCC_WARN_UNUSED_FUNCTION = YES;
				GCC_WARN_UNUSED_VARIABLE = YES;
				IPHONEOS_DEPLOYMENT_TARGET = 13.5;
				MTL_ENABLE_DEBUG_INFO = NO;
				MTL_FAST_MATH = YES;
				SDKROOT = iphoneos;
				SWIFT_COMPILATION_MODE = wholemodule;
				SWIFT_OPTIMIZATION_LEVEL = "-O";
				VALIDATE_PRODUCT = YES;
			};
			name = Release;
		};
		EED17B3E248FF1790022C7AB /* Debug */ = {
			isa = XCBuildConfiguration;
			baseConfigurationReference = 00D8D0EC82EB884FB63B7814 /* Pods-Messenger.debug.xcconfig */;
			buildSettings = {
				ASSETCATALOG_COMPILER_APPICON_NAME = AppIcon;
				CODE_SIGN_STYLE = Automatic;
				DEVELOPMENT_TEAM = 28TYCU28PG;
				INFOPLIST_FILE = Messenger/Info.plist;
				LD_RUNPATH_SEARCH_PATHS = (
					"$(inherited)",
					"@executable_path/Frameworks",
				);
				PRODUCT_BUNDLE_IDENTIFIER = com.Messenger;
				PRODUCT_NAME = "$(TARGET_NAME)";
				SWIFT_VERSION = 5.0;
				TARGETED_DEVICE_FAMILY = "1,2";
			};
			name = Debug;
		};
		EED17B3F248FF1790022C7AB /* Release */ = {
			isa = XCBuildConfiguration;
			baseConfigurationReference = 743604D79A7081CF6AAB484A /* Pods-Messenger.release.xcconfig */;
			buildSettings = {
				ASSETCATALOG_COMPILER_APPICON_NAME = AppIcon;
				CODE_SIGN_STYLE = Automatic;
				DEVELOPMENT_TEAM = 28TYCU28PG;
				INFOPLIST_FILE = Messenger/Info.plist;
				LD_RUNPATH_SEARCH_PATHS = (
					"$(inherited)",
					"@executable_path/Frameworks",
				);
				PRODUCT_BUNDLE_IDENTIFIER = com.Messenger;
				PRODUCT_NAME = "$(TARGET_NAME)";
				SWIFT_VERSION = 5.0;
				TARGETED_DEVICE_FAMILY = "1,2";
			};
			name = Release;
		};
/* End XCBuildConfiguration section */

/* Begin XCConfigurationList section */
		EED17B24248FF1740022C7AB /* Build configuration list for PBXProject "Messenger" */ = {
			isa = XCConfigurationList;
			buildConfigurations = (
				EED17B3B248FF1790022C7AB /* Debug */,
				EED17B3C248FF1790022C7AB /* Release */,
			);
			defaultConfigurationIsVisible = 0;
			defaultConfigurationName = Release;
		};
		EED17B3D248FF1790022C7AB /* Build configuration list for PBXNativeTarget "Messenger" */ = {
			isa = XCConfigurationList;
			buildConfigurations = (
				EED17B3E248FF1790022C7AB /* Debug */,
				EED17B3F248FF1790022C7AB /* Release */,
			);
			defaultConfigurationIsVisible = 0;
			defaultConfigurationName = Release;
		};
/* End XCConfigurationList section */
	};
	rootObject = EED17B21248FF1740022C7AB /* Project object */;
}
